
Microsoft Visual Studio Solution File, Format Version 12.00
# Visual Studio Version 17
VisualStudioVersion = 17.3.32825.248
MinimumVisualStudioVersion = 10.0.40219.1
Project("{FAE04EC0-301F-11D3-BF4B-00C04F79EFBC}") = "ATMBankingManagement", "ATMBankingManagement\ATMBankingManagement.csproj", "{DB88F66F-B7C5-4692-A494-A5C0AACCDDBF}"
EndProject
Global
	GlobalSection(SolutionConfigurationPlatforms) = preSolution
		Debug|Any CPU = Debug|Any CPU
		Release|Any CPU = Release|Any CPU
	EndGlobalSection
	GlobalSection(ProjectConfigurationPlatforms) = postSolution
		{DB88F66F-B7C5-4692-A494-A5C0AACCDDBF}.Debug|Any CPU.ActiveCfg = Debug|Any CPU
		{DB88F66F-B7C5-4692-A494-A5C0AACCDDBF}.Debug|Any CPU.Build.0 = Debug|Any CPU
		{DB88F66F-B7C5-4692-A494-A5C0AACCDDBF}.Release|Any CPU.ActiveCfg = Release|Any CPU
		{DB88F66F-B7C5-4692-A494-A5C0AACCDDBF}.Release|Any CPU.Build.0 = Release|Any CPU
	EndGlobalSection
	GlobalSection(SolutionProperties) = preSolution
		HideSolutionNode = FALSE
	EndGlobalSection
	GlobalSection(ExtensibilityGlobals) = postSolution
		SolutionGuid = {5A7E6CB0-9BF7-4939-A79B-AA00C5C1D84F}
	EndGlobalSection
EndGlobal
